{
  "version": "2",
  "remote": {
    "https://deno.land/std@0.154.0/_util/assert.ts": "e94f2eb37cebd7f199952e242c77654e43333c1ac4c5c700e929ea3aa5489f74",
    "https://deno.land/std@0.154.0/path/_constants.ts": "df1db3ffa6dd6d1252cc9617e5d72165cd2483df90e93833e13580687b6083c3",
    "https://deno.land/std@0.154.0/path/_interface.ts": "ee3b431a336b80cf445441109d089b70d87d5e248f4f90ff906820889ecf8d09",
    "https://deno.land/std@0.154.0/path/_util.ts": "d16be2a16e1204b65f9d0dfc54a9bc472cafe5f4a190b3c8471ec2016ccd1677",
    "https://deno.land/std@0.154.0/path/win32.ts": "bd7549042e37879c68ff2f8576a25950abbfca1d696d41d82c7bca0b7e6f452c",
    "https://deno.land/std@0.181.0/_util/asserts.ts": "178dfc49a464aee693a7e285567b3d0b555dc805ff490505a8aae34f9cfb1462",
    "https://deno.land/std@0.181.0/_util/os.ts": "d932f56d41e4f6a6093d56044e29ce637f8dcc43c5a90af43504a889cf1775e3",
    "https://deno.land/std@0.181.0/path/_constants.ts": "e49961f6f4f48039c0dfed3c3f93e963ca3d92791c9d478ac5b43183413136e0",
    "https://deno.land/std@0.181.0/path/_interface.ts": "6471159dfbbc357e03882c2266d21ef9afdb1e4aa771b0545e90db58a0ba314b",
    "https://deno.land/std@0.181.0/path/_util.ts": "d7abb1e0dea065f427b89156e28cdeb32b045870acdf865833ba808a73b576d0",
    "https://deno.land/std@0.181.0/path/common.ts": "ee7505ab01fd22de3963b64e46cff31f40de34f9f8de1fff6a1bd2fe79380000",
    "https://deno.land/std@0.181.0/path/glob.ts": "d479e0a695621c94d3fd7fe7abd4f9499caf32a8de13f25073451c6ef420a4e1",
    "https://deno.land/std@0.181.0/path/mod.ts": "bf718f19a4fdd545aee1b06409ca0805bd1b68ecf876605ce632e932fe54510c",
    "https://deno.land/std@0.181.0/path/posix.ts": "8b7c67ac338714b30c816079303d0285dd24af6b284f7ad63da5b27372a2c94d",
    "https://deno.land/std@0.181.0/path/separator.ts": "0fb679739d0d1d7bf45b68dacfb4ec7563597a902edbaf3c59b50d5bcadd93b1",
    "https://deno.land/std@0.181.0/path/win32.ts": "d186344e5583bcbf8b18af416d13d82b35a317116e6460a5a3953508c3de5bba",
    "https://deno.land/x/checksum@1.4.0/hash.ts": "89ebbf7c57576e20462badc05bfb4a7ac01fe7668b6908cd547c79067c4221b9",
    "https://deno.land/x/checksum@1.4.0/md5.ts": "1bb0889eaec838d5c1f219e0533277fe5ea10806d022920b6f0f2f8c398fec77",
    "https://deno.land/x/checksum@1.4.0/mod.ts": "df8282cc1ecfd0f148535337c8bec077a1630e96a2012f2d19b2ca380f2c88c2",
    "https://deno.land/x/checksum@1.4.0/sha1.ts": "a608a6493694b7d734acfc4eee83e09bd9deaa4909cdac07f3eed3db427f97ae",
    "https://deno.land/x/imagemagick_deno@0.0.19/mod.ts": "8950f261c03b03d1474eb7a092ca892fd7b11f84d8e1d9ff6facb7844d685779",
    "https://deno.land/x/imagemagick_deno@0.0.19/src/alpha-option.ts": "749a9f3309e491ec09a1d6bc50ce95d9733887d9f57c6863c4ff1c7e9610227b",
    "https://deno.land/x/imagemagick_deno@0.0.19/src/auto-threshold-method.ts": "bb08a00046137e441930e56190b6db10c5fe657cb0a6142cd565a40b1c4250a2",
    "https://deno.land/x/imagemagick_deno@0.0.19/src/channel-statistics.ts": "503871a48800436cbd02baee45f5e55aa7a0d95c3cd36e1111cf36dda946f43c",
    "https://deno.land/x/imagemagick_deno@0.0.19/src/channels.ts": "03e46f10df374d002cc39d10a6bc93c68deb4e1158bef1107234e10a192b05c7",
    "https://deno.land/x/imagemagick_deno@0.0.19/src/color-space.ts": "3d9a60f3a8bfefea8d9525572d7bd6214530c69688e8799dceb492b7797d1d0a",
    "https://deno.land/x/imagemagick_deno@0.0.19/src/composite-operator.ts": "f4b5046415c5965d53b17a9e441a42d87e8477b7c158704abd417d6ac10f3ea0",
    "https://deno.land/x/imagemagick_deno@0.0.19/src/defines/define.ts": "645fb3a06424ed750250212ac8762ba2ea97c4e4fdbda8aedf21734cbaf4833c",
    "https://deno.land/x/imagemagick_deno@0.0.19/src/defines/defines-creator.ts": "876b7215bb6523cee562bcdf95cdd20cce33dd118db9f61d3d9e6305d5cfa631",
    "https://deno.land/x/imagemagick_deno@0.0.19/src/defines/defines.ts": "fc8e12475e11a30f9f6f9c2b5e2fba94b01d65135654b97694da915d40fae2fe",
    "https://deno.land/x/imagemagick_deno@0.0.19/src/defines/magick-define.ts": "07e9e7fab4ea23f06f584163a99e0007ac1d1f3379ab4a872f1ddd555dd8ddd1",
    "https://deno.land/x/imagemagick_deno@0.0.19/src/disposable.ts": "4e30ceedea5c7829153ded68929cc206a303be220a560bb27319b607ee68c4a7",
    "https://deno.land/x/imagemagick_deno@0.0.19/src/distort-method.ts": "13819e00ccb6a636af9ece5d11dfce9451e578d46c94e1f528b0ae5da7721985",
    "https://deno.land/x/imagemagick_deno@0.0.19/src/drawables/drawable-color.ts": "fe3785761844f09a2c8bfda1821580c18706d986b1e7619dd984db6d33f3093a",
    "https://deno.land/x/imagemagick_deno@0.0.19/src/drawables/drawable-fill-color.ts": "566325e1b1eee1e4d74a97c7f0cfbd5cc1c3dbab9a39e8820b3e2555280fe633",
    "https://deno.land/x/imagemagick_deno@0.0.19/src/drawables/drawable-fill-opacity.ts": "a8bfce5d256ed1f296b4e57ae49035dad0baadec57b7ee68731494530b5df816",
    "https://deno.land/x/imagemagick_deno@0.0.19/src/drawables/drawable-font-point-size.ts": "ca4f41670186b13c1195eef74764af1ea00592b9faad5970d7867b3cb47630c3",
    "https://deno.land/x/imagemagick_deno@0.0.19/src/drawables/drawable-font.ts": "6a332ab99030ffe9fffd83704ba3e655649e48f026ef78dfb04d0bb1f99416bf",
    "https://deno.land/x/imagemagick_deno@0.0.19/src/drawables/drawable-gravity.ts": "184729aecc6d700a81eec2b8157b27b77f28c4188eb0f0337446b933e3857dbe",
    "https://deno.land/x/imagemagick_deno@0.0.19/src/drawables/drawable-rectangle.ts": "c6b1bb4b81a7e66e59a9338d45816a8471d951a6583567df68b31d3fde5ae6e0",
    "https://deno.land/x/imagemagick_deno@0.0.19/src/drawables/drawable-round-rectangle.ts": "7cd7e90d6d5902abee81061c7ce5919a50ef340d67d984f1ab5eb15ba22683c8",
    "https://deno.land/x/imagemagick_deno@0.0.19/src/drawables/drawable-text.ts": "f13d014b6f8b06e666b701b3860864711d0a0f942c1a30940af939705e72e5ce",
    "https://deno.land/x/imagemagick_deno@0.0.19/src/drawables/drawable.ts": "61b40233ea3c28664c2f8dfd8d794772d8a7a779f4228060efd41b0d44762521",
    "https://deno.land/x/imagemagick_deno@0.0.19/src/drawables/drawing-wand.ts": "c6fe73c4f4d48b8802aa79ea636b8d1f16046f2eb516b84260ae446f392b1528",
    "https://deno.land/x/imagemagick_deno@0.0.19/src/error-metric.ts": "fafe44d95312b0e9dd6e5d6d3efd536764468a4b80e3dc3d7d7efc33a40fb871",
    "https://deno.land/x/imagemagick_deno@0.0.19/src/evaluate-operator.ts": "c05d51cb193d95ce0432dee914465cbafc35026ea1102cc48f431571bfb67260",
    "https://deno.land/x/imagemagick_deno@0.0.19/src/filter-type.ts": "face0109ae9e56125b778a8842384031d6e0bd688dfcf96c0861f2fd8bb27225",
    "https://deno.land/x/imagemagick_deno@0.0.19/src/formats/dng/dng-output-color.ts": "13533caccea31a8e6cd960df47c1b608f89a786d51e9c4b3b869ca40eb01c5a8",
    "https://deno.land/x/imagemagick_deno@0.0.19/src/formats/dng/dng-read-defines.ts": "73d3fdc79c0f37ea3b2681f4e159cd927c25cb0801cc43905a4331171062f6c8",
    "https://deno.land/x/imagemagick_deno@0.0.19/src/gravity.ts": "ed99d33e3775c510c0a29fb330ca5ac9445e41dd3644507186c25cc32eb8634a",
    "https://deno.land/x/imagemagick_deno@0.0.19/src/image-magick.ts": "da1026ce67ad5040a672bcb0d1a7c76e8bdca9b5f3b7520081266ad96fae5318",
    "https://deno.land/x/imagemagick_deno@0.0.19/src/index.ts": "aebfbdd5446d99c67fd38182aa436d327defb5aa032e055de14d66c48649f505",
    "https://deno.land/x/imagemagick_deno@0.0.19/src/internal/disposable-array.ts": "048f80ffee94ccb37437961e7bcaa57ee0b0bd95a64423257010a8eeb18e9fae",
    "https://deno.land/x/imagemagick_deno@0.0.19/src/internal/disposable.ts": "48ea6c820871b46b9c50f8343bb68765bb81c80bf8edefc50c2d27bf4526c618",
    "https://deno.land/x/imagemagick_deno@0.0.19/src/internal/exception/exception.ts": "2c1e1d5f6df4fcaef50403ed18f5ebdf560a5e764944d569db406e97f76f2aae",
    "https://deno.land/x/imagemagick_deno@0.0.19/src/internal/geometry-flags.ts": "56bbc3f668db2e67f607cd1c08e07f51ded80a8c402efb0b6cd4ad98d0f69d19",
    "https://deno.land/x/imagemagick_deno@0.0.19/src/internal/magick-rectangle.ts": "ffffcd9ebffe20f871396af22c9f5acb332b5d503a5b21200a94e1e61e4e68b3",
    "https://deno.land/x/imagemagick_deno@0.0.19/src/internal/native/array.ts": "bcfa4f33246feaf3e1cfd219f188819caf2ed84562f986f508b1ba8beecd28fb",
    "https://deno.land/x/imagemagick_deno@0.0.19/src/internal/native/string.ts": "a3985bf82a8c0e0507001ab1af72c817f6a9f3fffcba532c5504b75102107ce3",
    "https://deno.land/x/imagemagick_deno@0.0.19/src/internal/pointer/pointer.ts": "d866febf67a2d72678e6bd0fd70f751622348c3c2c4ad0aba42dbd750c4f8526",
    "https://deno.land/x/imagemagick_deno@0.0.19/src/internal/string-info.ts": "6121081f0382fdfe259bb6c95655b1626cc68af778ad91af437daa8c55965575",
    "https://deno.land/x/imagemagick_deno@0.0.19/src/magick-color.ts": "6e849e94f3183d86f44d55f4646af394d0d3573fbce8b26b6d6bfbda03dcaf5c",
    "https://deno.land/x/imagemagick_deno@0.0.19/src/magick-colors.ts": "c3a4cdbbca0ebce9386ae71f835118847d8770573efcb63a35c54242aa156f90",
    "https://deno.land/x/imagemagick_deno@0.0.19/src/magick-error-severity.ts": "160e5f07bad67542c9c95a8ec61e70f294333bf7f3c463419dc4fadfacdbdbf6",
    "https://deno.land/x/imagemagick_deno@0.0.19/src/magick-error.ts": "5a515e203373ef48903bda51635e04f232bf3144eaee48c66d65df1e705346d4",
    "https://deno.land/x/imagemagick_deno@0.0.19/src/magick-format-info.ts": "eef4731c0036d58ebb9b9ff12d48bfdb6fad8d4ef82d74866c6c18f7605670cf",
    "https://deno.land/x/imagemagick_deno@0.0.19/src/magick-format.ts": "3373328cacc0e6a5b1264a6bedceffe17f687f8d303c8c3d0ecd7a9102771580",
    "https://deno.land/x/imagemagick_deno@0.0.19/src/magick-geometry.ts": "c41ec925e2cba2f4a07ab278de87d533aac282f68b038d6ca7075fc09570f759",
    "https://deno.land/x/imagemagick_deno@0.0.19/src/magick-image-collection.ts": "dfa429a070eeb22d57248d4eee057ee0aa3a6ee8ac850f32ec1c8d311b7a641d",
    "https://deno.land/x/imagemagick_deno@0.0.19/src/magick-image.ts": "7f85e27512ab1db7c9396b7903b03fb07763a014af9a56c5477bda306f5d42ea",
    "https://deno.land/x/imagemagick_deno@0.0.19/src/magick.ts": "990bbb125a908afd71bba8b9601704f64abfe68b861e906ec7495f87b2f4c776",
    "https://deno.land/x/imagemagick_deno@0.0.19/src/native-instance.ts": "791c1dc7459d0daf53fd385d255edb9d84869edc2943cd1ff3b4b7c34aeeffb0",
    "https://deno.land/x/imagemagick_deno@0.0.19/src/orientation-type.ts": "a5c48feec25d432e5c3ad3ed76c929a7960836d3ab1012525c0f7883e4f46c30",
    "https://deno.land/x/imagemagick_deno@0.0.19/src/paint-method.ts": "0178827b90549bf587e8ae9e2757cb96607b1fffa5c05d0534a8de136a346d29",
    "https://deno.land/x/imagemagick_deno@0.0.19/src/percentage.ts": "00240337512949c97e407b006cdd025af5fc6db600adce9ca6193ab61e326291",
    "https://deno.land/x/imagemagick_deno@0.0.19/src/pixel-channel.ts": "1a6943107a0c9b73757b08b4e41bd72227fec2dbb29f7fe5871257abcf541fa1",
    "https://deno.land/x/imagemagick_deno@0.0.19/src/pixel-interpolate-method.ts": "d2c62675acb5d8fffca3e2c91c9a35bfebec62f2424268e5e240f9f17f57d356",
    "https://deno.land/x/imagemagick_deno@0.0.19/src/pixels/pixel-collection.ts": "e44aa8ebff8635d3959a20ffa9a545ce5df2dc2a8806f6b0d1d0092e185577f7",
    "https://deno.land/x/imagemagick_deno@0.0.19/src/point.ts": "f664938d0f39eadd41fe5eb8ca81c52b59a7f7138539afea3ddc863d25a4a935",
    "https://deno.land/x/imagemagick_deno@0.0.19/src/profiles/image-profile.ts": "ea1bb6406430a03cf9263a40260fcd8f99bcc14fa3629206fcbcd2679c94b4a2",
    "https://deno.land/x/imagemagick_deno@0.0.19/src/quantum.ts": "7e92f9cf73fc6ec89df48ab4c462339fad580f0b6a1e1009d3c5a5cb599dc3ed",
    "https://deno.land/x/imagemagick_deno@0.0.19/src/settings/distort-settings.ts": "cdb352260b90a140191c222bafde0740114062822400bdf89709bef1c2f40563",
    "https://deno.land/x/imagemagick_deno@0.0.19/src/settings/drawing-settings.ts": "c5191eff30944c7a6047dfdd4d6a6714cbd3e0154c4942bb53bfa25acc3399b2",
    "https://deno.land/x/imagemagick_deno@0.0.19/src/settings/magick-read-settings.ts": "d5e83efd74ff563146c5c074cefeead82e07763c0e75d271c6f1ba9f1fca3b63",
    "https://deno.land/x/imagemagick_deno@0.0.19/src/settings/magick-settings.ts": "35a9146c2b92c63b80f0989ab8f6c2315166124e841bb0538303d6f945c08a27",
    "https://deno.land/x/imagemagick_deno@0.0.19/src/settings/montage-settings.ts": "db5dc688e2165b1a5501b6f2175c0453f9a1c435c6d1d20be657ddf26af2bb14",
    "https://deno.land/x/imagemagick_deno@0.0.19/src/settings/native-drawing-settings.ts": "a69579abe2600a8ae13484f0abee16ec17d4c31213e95fe0fb9b581ee434af64",
    "https://deno.land/x/imagemagick_deno@0.0.19/src/settings/native-magick-settings.ts": "553a903e16ad50b990175c5e8614473962b0e866f2e3c0148cf3bc2c0010552a",
    "https://deno.land/x/imagemagick_deno@0.0.19/src/settings/native-montage-settings.ts": "5b0c810053730ba63a6603fe4109c09ce02d3dd9f5a04ba1070094cb69a92433",
    "https://deno.land/x/imagemagick_deno@0.0.19/src/statistics.ts": "a9122f555b565d9869dcc9070d77febc54f2e12324932c6b8619e1a94b599885",
    "https://deno.land/x/imagemagick_deno@0.0.19/src/virtual-pixel-method.ts": "ae2f0520e05b382299e4d41f4d7e2c67baf727ef7c816037e601c978948b1451",
    "https://deno.land/x/imagemagick_deno@0.0.19/src/wasm/magick.ts": "b5ec7d6c3c7379f8f9ba0c23238f7024aa35f3a15edb2d1cbca4ccc44a186ac9",
    "https://deno.land/x/imagemagick_deno@0.0.19/src/wasm/magick_native.js": "2203872b5a96cb5a96c596898849a862b2ba083455ed0f3a445ba060f8e13f82",
    "https://esm.sh/date-fns@2.29.3": "970f9f3c93a20fddec93c15e581aeddbffad48540975f65fd79fbe3a005d8d50",
    "https://esm.sh/v113/date-fns@2.29.3/deno/date-fns.mjs": "2f3f18e2042e44229d6496ed86ca40109361508b671d74111780252afbe85c9d",
    "https://esm.sh/v113/date-fns@2.29.3/typings.d.ts": "00a2a0751ca2e2443834f51d43bd52b24c3ab27799a0d4456c1dc950c6cdfff3"
  }
}
