{
  "version": "3",
  "packages": {
    "specifiers": {
      "npm:@effect/cli": "npm:@effect/cli@0.36.10_@effect+platform@0.50.5__@effect+schema@0.66.8___effect@3.0.5___fast-check@3.17.2__effect@3.0.5_@effect+printer@0.33.5__@effect+typeclass@0.24.5___effect@3.0.5__effect@3.0.5_@effect+printer-ansi@0.33.5__@effect+typeclass@0.24.5___effect@3.0.5__effect@3.0.5_@effect+schema@0.66.8__effect@3.0.5__fast-check@3.17.2_effect@3.0.5",
      "npm:@effect/platform-node": "npm:@effect/platform-node@0.47.5_@effect+platform@0.50.5__@effect+schema@0.66.8___effect@3.0.5___fast-check@3.17.2__effect@3.0.5__ws@8.16.0_effect@3.0.5_@effect+schema@0.66.8__effect@3.0.5__fast-check@3.17.2_ws@8.16.0",
      "npm:@effect/schema": "npm:@effect/schema@0.66.8_effect@3.0.5_fast-check@3.17.2",
      "npm:date-fns@2.29.3": "npm:date-fns@2.29.3",
      "npm:effect": "npm:effect@3.0.5",
      "npm:ts-pattern@4.2.2": "npm:ts-pattern@4.2.2"
    },
    "npm": {
      "@effect/cli@0.36.10_@effect+platform@0.50.5__@effect+schema@0.66.8___effect@3.0.5___fast-check@3.17.2__effect@3.0.5_@effect+printer@0.33.5__@effect+typeclass@0.24.5___effect@3.0.5__effect@3.0.5_@effect+printer-ansi@0.33.5__@effect+typeclass@0.24.5___effect@3.0.5__effect@3.0.5_@effect+schema@0.66.8__effect@3.0.5__fast-check@3.17.2_effect@3.0.5": {
        "integrity": "sha512-XPzGQ6r2MH0w6sOjAYQzd2/FBq0S66S3uDTxZ2qO6eeT4rNhGE7joA96BoUN5RQJ7ZxSY5wkMHzhdMT1QkUc/Q==",
        "dependencies": {
          "@effect/platform": "@effect/platform@0.50.5_@effect+schema@0.66.8__effect@3.0.5__fast-check@3.17.2_effect@3.0.5",
          "@effect/printer": "@effect/printer@0.33.5_@effect+typeclass@0.24.5__effect@3.0.5_effect@3.0.5",
          "@effect/printer-ansi": "@effect/printer-ansi@0.33.5_@effect+typeclass@0.24.5__effect@3.0.5_effect@3.0.5",
          "@effect/schema": "@effect/schema@0.66.8_effect@3.0.5_fast-check@3.17.2",
          "effect": "effect@3.0.5",
          "ini": "ini@4.1.2",
          "toml": "toml@3.0.0",
          "yaml": "yaml@2.4.1"
        }
      },
      "@effect/platform-node-shared@0.4.10_@effect+platform@0.50.5__@effect+schema@0.66.8___effect@3.0.5___fast-check@3.17.2__effect@3.0.5__ws@8.16.0_effect@3.0.5_@effect+schema@0.66.8__effect@3.0.5__fast-check@3.17.2_ws@8.16.0": {
        "integrity": "sha512-fZGHgpuvym7E3nxwM2WXWVkGy+HTUfJ1wqqZLJq6vTRRnW+H637djvcWyodF3hjGZQWQiVE3pazobrjAIg9Ptg==",
        "dependencies": {
          "@effect/platform": "@effect/platform@0.50.5_@effect+schema@0.66.8__effect@3.0.5__fast-check@3.17.2_effect@3.0.5_ws@8.16.0",
          "@parcel/watcher": "@parcel/watcher@2.4.1",
          "effect": "effect@3.0.5",
          "multipasta": "multipasta@0.2.0"
        }
      },
      "@effect/platform-node@0.47.5_@effect+platform@0.50.5__@effect+schema@0.66.8___effect@3.0.5___fast-check@3.17.2__effect@3.0.5__ws@8.16.0_effect@3.0.5_@effect+schema@0.66.8__effect@3.0.5__fast-check@3.17.2_ws@8.16.0": {
        "integrity": "sha512-/+DHaNDmjJ3BAAF6yljgwKOlxGKPEbUh+ilOkehovpKCkF5eBTLfabHegN1iNALCkSG6V4dbc6ZTu2EAOtwwKA==",
        "dependencies": {
          "@effect/platform": "@effect/platform@0.50.5_@effect+schema@0.66.8__effect@3.0.5__fast-check@3.17.2_effect@3.0.5_ws@8.16.0",
          "@effect/platform-node-shared": "@effect/platform-node-shared@0.4.10_@effect+platform@0.50.5__@effect+schema@0.66.8___effect@3.0.5___fast-check@3.17.2__effect@3.0.5__ws@8.16.0_effect@3.0.5_@effect+schema@0.66.8__effect@3.0.5__fast-check@3.17.2_ws@8.16.0",
          "effect": "effect@3.0.5",
          "mime": "mime@3.0.0",
          "undici": "undici@6.14.1",
          "ws": "ws@8.16.0"
        }
      },
      "@effect/platform@0.50.5_@effect+schema@0.66.8__effect@3.0.5__fast-check@3.17.2_effect@3.0.5": {
        "integrity": "sha512-l9umNU8Ozd4dt2PuoqJNqrJTTpDDKbStBr82268yGb+qOHNOxXGJ7ajHRpgfEEIY0qar5xPw1GT7wW2jFrbPyQ==",
        "dependencies": {
          "@effect/schema": "@effect/schema@0.66.8_effect@3.0.5_fast-check@3.17.2",
          "effect": "effect@3.0.5",
          "find-my-way-ts": "find-my-way-ts@0.1.1",
          "isows": "isows@1.0.4_ws@8.16.0",
          "multipasta": "multipasta@0.2.0",
          "path-browserify": "path-browserify@1.0.1"
        }
      },
      "@effect/platform@0.50.5_@effect+schema@0.66.8__effect@3.0.5__fast-check@3.17.2_effect@3.0.5_ws@8.16.0": {
        "integrity": "sha512-l9umNU8Ozd4dt2PuoqJNqrJTTpDDKbStBr82268yGb+qOHNOxXGJ7ajHRpgfEEIY0qar5xPw1GT7wW2jFrbPyQ==",
        "dependencies": {
          "@effect/schema": "@effect/schema@0.66.8_effect@3.0.5_fast-check@3.17.2",
          "effect": "effect@3.0.5",
          "find-my-way-ts": "find-my-way-ts@0.1.1",
          "isows": "isows@1.0.4_ws@8.16.0",
          "multipasta": "multipasta@0.2.0",
          "path-browserify": "path-browserify@1.0.1"
        }
      },
      "@effect/printer-ansi@0.33.5_@effect+typeclass@0.24.5__effect@3.0.5_effect@3.0.5": {
        "integrity": "sha512-BGfibuGa5MsJDv+qRF8G2GKKEFGyd3GRKueaVXyhzt4vBMtp7ZRFZ7v4izHYHv3xNIYV9NmuAXWU62LDP/ze2g==",
        "dependencies": {
          "@effect/printer": "@effect/printer@0.33.5_@effect+typeclass@0.24.5__effect@3.0.5_effect@3.0.5",
          "@effect/typeclass": "@effect/typeclass@0.24.5_effect@3.0.5",
          "effect": "effect@3.0.5"
        }
      },
      "@effect/printer@0.33.5_@effect+typeclass@0.24.5__effect@3.0.5_effect@3.0.5": {
        "integrity": "sha512-QvDuLb6usXEx8o+6B66PPcgnvupAGRZFQD2IOIxWydQSSVWOmQUSsO6Y5TED6kTmMJkZRZW3YnGGO14DxMJaQw==",
        "dependencies": {
          "@effect/typeclass": "@effect/typeclass@0.24.5_effect@3.0.5",
          "effect": "effect@3.0.5"
        }
      },
      "@effect/schema@0.66.8_effect@3.0.5_fast-check@3.17.2": {
        "integrity": "sha512-TJ2wGt1O4WqNrZtz9bRd+Mo8sitS33Ifj1u9TqXAg8FlWn7OA+MtULQmktdDVAlWw18QmamKX7grKeatL+0iCg==",
        "dependencies": {
          "effect": "effect@3.0.5",
          "fast-check": "fast-check@3.17.2"
        }
      },
      "@effect/typeclass@0.24.5_effect@3.0.5": {
        "integrity": "sha512-2k8hQ1wzAkOwPgEO/EwbHiUXP6U3tEHdM3UjyQU/JVALtqesSEhdYZk7N72x+I/z2+AKzAUSY+PUFoO7Bas2SA==",
        "dependencies": {
          "effect": "effect@3.0.5"
        }
      },
      "@parcel/watcher-android-arm64@2.4.1": {
        "integrity": "sha512-LOi/WTbbh3aTn2RYddrO8pnapixAziFl6SMxHM69r3tvdSm94JtCenaKgk1GRg5FJ5wpMCpHeW+7yqPlvZv7kg==",
        "dependencies": {}
      },
      "@parcel/watcher-darwin-arm64@2.4.1": {
        "integrity": "sha512-ln41eihm5YXIY043vBrrHfn94SIBlqOWmoROhsMVTSXGh0QahKGy77tfEywQ7v3NywyxBBkGIfrWRHm0hsKtzA==",
        "dependencies": {}
      },
      "@parcel/watcher-darwin-x64@2.4.1": {
        "integrity": "sha512-yrw81BRLjjtHyDu7J61oPuSoeYWR3lDElcPGJyOvIXmor6DEo7/G2u1o7I38cwlcoBHQFULqF6nesIX3tsEXMg==",
        "dependencies": {}
      },
      "@parcel/watcher-freebsd-x64@2.4.1": {
        "integrity": "sha512-TJa3Pex/gX3CWIx/Co8k+ykNdDCLx+TuZj3f3h7eOjgpdKM+Mnix37RYsYU4LHhiYJz3DK5nFCCra81p6g050w==",
        "dependencies": {}
      },
      "@parcel/watcher-linux-arm-glibc@2.4.1": {
        "integrity": "sha512-4rVYDlsMEYfa537BRXxJ5UF4ddNwnr2/1O4MHM5PjI9cvV2qymvhwZSFgXqbS8YoTk5i/JR0L0JDs69BUn45YA==",
        "dependencies": {}
      },
      "@parcel/watcher-linux-arm64-glibc@2.4.1": {
        "integrity": "sha512-BJ7mH985OADVLpbrzCLgrJ3TOpiZggE9FMblfO65PlOCdG++xJpKUJ0Aol74ZUIYfb8WsRlUdgrZxKkz3zXWYA==",
        "dependencies": {}
      },
      "@parcel/watcher-linux-arm64-musl@2.4.1": {
        "integrity": "sha512-p4Xb7JGq3MLgAfYhslU2SjoV9G0kI0Xry0kuxeG/41UfpjHGOhv7UoUDAz/jb1u2elbhazy4rRBL8PegPJFBhA==",
        "dependencies": {}
      },
      "@parcel/watcher-linux-x64-glibc@2.4.1": {
        "integrity": "sha512-s9O3fByZ/2pyYDPoLM6zt92yu6P4E39a03zvO0qCHOTjxmt3GHRMLuRZEWhWLASTMSrrnVNWdVI/+pUElJBBBg==",
        "dependencies": {}
      },
      "@parcel/watcher-linux-x64-musl@2.4.1": {
        "integrity": "sha512-L2nZTYR1myLNST0O632g0Dx9LyMNHrn6TOt76sYxWLdff3cB22/GZX2UPtJnaqQPdCRoszoY5rcOj4oMTtp5fQ==",
        "dependencies": {}
      },
      "@parcel/watcher-win32-arm64@2.4.1": {
        "integrity": "sha512-Uq2BPp5GWhrq/lcuItCHoqxjULU1QYEcyjSO5jqqOK8RNFDBQnenMMx4gAl3v8GiWa59E9+uDM7yZ6LxwUIfRg==",
        "dependencies": {}
      },
      "@parcel/watcher-win32-ia32@2.4.1": {
        "integrity": "sha512-maNRit5QQV2kgHFSYwftmPBxiuK5u4DXjbXx7q6eKjq5dsLXZ4FJiVvlcw35QXzk0KrUecJmuVFbj4uV9oYrcw==",
        "dependencies": {}
      },
      "@parcel/watcher-win32-x64@2.4.1": {
        "integrity": "sha512-+DvS92F9ezicfswqrvIRM2njcYJbd5mb9CUgtrHCHmvn7pPPa+nMDRu1o1bYYz/l5IB2NVGNJWiH7h1E58IF2A==",
        "dependencies": {}
      },
      "@parcel/watcher@2.4.1": {
        "integrity": "sha512-HNjmfLQEVRZmHRET336f20H/8kOozUGwk7yajvsonjNxbj2wBTK1WsQuHkD5yYh9RxFGL2EyDHryOihOwUoKDA==",
        "dependencies": {
          "@parcel/watcher-android-arm64": "@parcel/watcher-android-arm64@2.4.1",
          "@parcel/watcher-darwin-arm64": "@parcel/watcher-darwin-arm64@2.4.1",
          "@parcel/watcher-darwin-x64": "@parcel/watcher-darwin-x64@2.4.1",
          "@parcel/watcher-freebsd-x64": "@parcel/watcher-freebsd-x64@2.4.1",
          "@parcel/watcher-linux-arm-glibc": "@parcel/watcher-linux-arm-glibc@2.4.1",
          "@parcel/watcher-linux-arm64-glibc": "@parcel/watcher-linux-arm64-glibc@2.4.1",
          "@parcel/watcher-linux-arm64-musl": "@parcel/watcher-linux-arm64-musl@2.4.1",
          "@parcel/watcher-linux-x64-glibc": "@parcel/watcher-linux-x64-glibc@2.4.1",
          "@parcel/watcher-linux-x64-musl": "@parcel/watcher-linux-x64-musl@2.4.1",
          "@parcel/watcher-win32-arm64": "@parcel/watcher-win32-arm64@2.4.1",
          "@parcel/watcher-win32-ia32": "@parcel/watcher-win32-ia32@2.4.1",
          "@parcel/watcher-win32-x64": "@parcel/watcher-win32-x64@2.4.1",
          "detect-libc": "detect-libc@1.0.3",
          "is-glob": "is-glob@4.0.3",
          "micromatch": "micromatch@4.0.5",
          "node-addon-api": "node-addon-api@7.1.0"
        }
      },
      "braces@3.0.2": {
        "integrity": "sha512-b8um+L1RzM3WDSzvhm6gIz1yfTbBt6YTlcEKAvsmqCZZFw46z626lVj9j1yEPW33H5H+lBQpZMP1k8l+78Ha0A==",
        "dependencies": {
          "fill-range": "fill-range@7.0.1"
        }
      },
      "date-fns@2.29.3": {
        "integrity": "sha512-dDCnyH2WnnKusqvZZ6+jA1O51Ibt8ZMRNkDZdyAyK4YfbDwa/cEmuztzG5pk6hqlp9aSBPYcjOlktquahGwGeA==",
        "dependencies": {}
      },
      "detect-libc@1.0.3": {
        "integrity": "sha512-pGjwhsmsp4kL2RTz08wcOlGN83otlqHeD/Z5T8GXZB+/YcpQ/dgo+lbU8ZsGxV0HIvqqxo9l7mqYwyYMD9bKDg==",
        "dependencies": {}
      },
      "effect@3.0.5": {
        "integrity": "sha512-cXAKns46iWEQkZHgRU+ehgfV2Au34HopVIBkWwTbD+iRR50zMOHNEHEjXGnyJPtWyYlLBQtB9AZXFoc72ChwPA==",
        "dependencies": {}
      },
      "fast-check@3.17.2": {
        "integrity": "sha512-+3DPTxtxABLgmmVpYxrash3DHoq0cMa1jjLYNp3qqokKKhqVEaS4lbnaDKqWU5Dd6C2pEudPPBAEEQ9nUou9OQ==",
        "dependencies": {
          "pure-rand": "pure-rand@6.1.0"
        }
      },
      "fast-decode-uri-component@1.0.1": {
        "integrity": "sha512-WKgKWg5eUxvRZGwW8FvfbaH7AXSh2cL+3j5fMGzUMCxWBJ3dV3a7Wz8y2f/uQ0e3B6WmodD3oS54jTQ9HVTIIg==",
        "dependencies": {}
      },
      "fast-querystring@1.1.2": {
        "integrity": "sha512-g6KuKWmFXc0fID8WWH0jit4g0AGBoJhCkJMb1RmbsSEUNvQ+ZC8D6CUZ+GtF8nMzSPXnhiePyyqqipzNNEnHjg==",
        "dependencies": {
          "fast-decode-uri-component": "fast-decode-uri-component@1.0.1"
        }
      },
      "fill-range@7.0.1": {
        "integrity": "sha512-qOo9F+dMUmC2Lcb4BbVvnKJxTPjCm+RRpe4gDuGrzkL7mEVl/djYSu2OdQ2Pa302N4oqkSg9ir6jaLWJ2USVpQ==",
        "dependencies": {
          "to-regex-range": "to-regex-range@5.0.1"
        }
      },
      "find-my-way-ts@0.1.1": {
        "integrity": "sha512-nXUdq29JRQ1tYa1/n+DHTVChMARJHz+gi7sDZibwQukzHP7Hrr6s+sxKbaIM8xB3LzhSBJy5yLb0JhIUmHmOiA==",
        "dependencies": {
          "fast-querystring": "fast-querystring@1.1.2"
        }
      },
      "ini@4.1.2": {
        "integrity": "sha512-AMB1mvwR1pyBFY/nSevUX6y8nJWS63/SzUKD3JyQn97s4xgIdgQPT75IRouIiBAN4yLQBUShNYVW0+UG25daCw==",
        "dependencies": {}
      },
      "is-extglob@2.1.1": {
        "integrity": "sha512-SbKbANkN603Vi4jEZv49LeVJMn4yGwsbzZworEoyEiutsN3nJYdbO36zfhGJ6QEDpOZIFkDtnq5JRxmvl3jsoQ==",
        "dependencies": {}
      },
      "is-glob@4.0.3": {
        "integrity": "sha512-xelSayHH36ZgE7ZWhli7pW34hNbNl8Ojv5KVmkJD4hBdD3th8Tfk9vYasLM+mXWOZhFkgZfxhLSnrwRr4elSSg==",
        "dependencies": {
          "is-extglob": "is-extglob@2.1.1"
        }
      },
      "is-number@7.0.0": {
        "integrity": "sha512-41Cifkg6e8TylSpdtTpeLVMqvSBEVzTttHvERD741+pnZ8ANv0004MRL43QKPDlK9cGvNp6NZWZUBlbGXYxxng==",
        "dependencies": {}
      },
      "isows@1.0.4_ws@8.16.0": {
        "integrity": "sha512-hEzjY+x9u9hPmBom9IIAqdJCwNLax+xrPb51vEPpERoFlIxgmZcHzsT5jKG06nvInKOBGvReAVz80Umed5CczQ==",
        "dependencies": {
          "ws": "ws@8.16.0"
        }
      },
      "micromatch@4.0.5": {
        "integrity": "sha512-DMy+ERcEW2q8Z2Po+WNXuw3c5YaUSFjAO5GsJqfEl7UjvtIuFKO6ZrKvcItdy98dwFI2N1tg3zNIdKaQT+aNdA==",
        "dependencies": {
          "braces": "braces@3.0.2",
          "picomatch": "picomatch@2.3.1"
        }
      },
      "mime@3.0.0": {
        "integrity": "sha512-jSCU7/VB1loIWBZe14aEYHU/+1UMEHoaO7qxCOVJOw9GgH72VAWppxNcjU+x9a2k3GSIBXNKxXQFqRvvZ7vr3A==",
        "dependencies": {}
      },
      "multipasta@0.2.0": {
        "integrity": "sha512-MNAym1D9GTpY0/CKYJFDmaJ3TfhblfsQyyipCCSsgasMZCAyR2fCNDJhR7lACfJ0YMwQSDi5RHeIdJcsze6WMg==",
        "dependencies": {}
      },
      "node-addon-api@7.1.0": {
        "integrity": "sha512-mNcltoe1R8o7STTegSOHdnJNN7s5EUvhoS7ShnTHDyOSd+8H+UdWODq6qSv67PjC8Zc5JRT8+oLAMCr0SIXw7g==",
        "dependencies": {}
      },
      "path-browserify@1.0.1": {
        "integrity": "sha512-b7uo2UCUOYZcnF/3ID0lulOJi/bafxa1xPe7ZPsammBSpjSWQkjNxlt635YGS2MiR9GjvuXCtz2emr3jbsz98g==",
        "dependencies": {}
      },
      "picomatch@2.3.1": {
        "integrity": "sha512-JU3teHTNjmE2VCGFzuY8EXzCDVwEqB2a8fsIvwaStHhAWJEeVd1o1QD80CU6+ZdEXXSLbSsuLwJjkCBWqRQUVA==",
        "dependencies": {}
      },
      "pure-rand@6.1.0": {
        "integrity": "sha512-bVWawvoZoBYpp6yIoQtQXHZjmz35RSVHnUOTefl8Vcjr8snTPY1wnpSPMWekcFwbxI6gtmT7rSYPFvz71ldiOA==",
        "dependencies": {}
      },
      "to-regex-range@5.0.1": {
        "integrity": "sha512-65P7iz6X5yEr1cwcgvQxbbIw7Uk3gOy5dIdtZ4rDveLqhrdJP+Li/Hx6tyK0NEb+2GCyneCMJiGqrADCSNk8sQ==",
        "dependencies": {
          "is-number": "is-number@7.0.0"
        }
      },
      "toml@3.0.0": {
        "integrity": "sha512-y/mWCZinnvxjTKYhJ+pYxwD0mRLVvOtdS2Awbgxln6iEnt4rk0yBxeSBHkGJcPucRiG0e55mwWp+g/05rsrd6w==",
        "dependencies": {}
      },
      "ts-pattern@4.2.2": {
        "integrity": "sha512-qzJMo2pbkUJWusRH5o8xR+xogn6RmvViyUgwBFTtRENLse470clCGjHDf6haWGZ1AOmk8XkEohUoBW8Uut6Scg==",
        "dependencies": {}
      },
      "undici@6.14.1": {
        "integrity": "sha512-mAel3i4BsYhkeVPXeIPXVGPJKeBzqCieZYoFsbWfUzd68JmHByhc1Plit5WlylxXFaGpgkZB8mExlxnt+Q1p7A==",
        "dependencies": {}
      },
      "ws@8.16.0": {
        "integrity": "sha512-HS0c//TP7Ina87TfiPUz1rQzMhHrl/SG2guqRcTOIUYD2q8uhUdNHZYJUaQ8aTGPzCh+c6oawMKW35nFl1dxyQ==",
        "dependencies": {}
      },
      "yaml@2.4.1": {
        "integrity": "sha512-pIXzoImaqmfOrL7teGUBt/T7ZDnyeGBWyXQBvOVhLkWLN37GXv8NMLK406UY6dS51JfcQHsmcW5cJ441bHg6Lg==",
        "dependencies": {}
      }
    }
  },
  "remote": {
    "https://deno.land/std@0.154.0/_util/assert.ts": "e94f2eb37cebd7f199952e242c77654e43333c1ac4c5c700e929ea3aa5489f74",
    "https://deno.land/std@0.154.0/path/_constants.ts": "df1db3ffa6dd6d1252cc9617e5d72165cd2483df90e93833e13580687b6083c3",
    "https://deno.land/std@0.154.0/path/_interface.ts": "ee3b431a336b80cf445441109d089b70d87d5e248f4f90ff906820889ecf8d09",
    "https://deno.land/std@0.154.0/path/_util.ts": "d16be2a16e1204b65f9d0dfc54a9bc472cafe5f4a190b3c8471ec2016ccd1677",
    "https://deno.land/std@0.154.0/path/win32.ts": "bd7549042e37879c68ff2f8576a25950abbfca1d696d41d82c7bca0b7e6f452c",
    "https://deno.land/std@0.181.0/_util/asserts.ts": "178dfc49a464aee693a7e285567b3d0b555dc805ff490505a8aae34f9cfb1462",
    "https://deno.land/std@0.181.0/_util/os.ts": "d932f56d41e4f6a6093d56044e29ce637f8dcc43c5a90af43504a889cf1775e3",
    "https://deno.land/std@0.181.0/flags/mod.ts": "4d829c5bd1d657799cdeb487c6e418960efc6f4d8ce6cadc38a54b9ce266160a",
    "https://deno.land/std@0.181.0/path/_constants.ts": "e49961f6f4f48039c0dfed3c3f93e963ca3d92791c9d478ac5b43183413136e0",
    "https://deno.land/std@0.181.0/path/_interface.ts": "6471159dfbbc357e03882c2266d21ef9afdb1e4aa771b0545e90db58a0ba314b",
    "https://deno.land/std@0.181.0/path/_util.ts": "d7abb1e0dea065f427b89156e28cdeb32b045870acdf865833ba808a73b576d0",
    "https://deno.land/std@0.181.0/path/common.ts": "ee7505ab01fd22de3963b64e46cff31f40de34f9f8de1fff6a1bd2fe79380000",
    "https://deno.land/std@0.181.0/path/glob.ts": "d479e0a695621c94d3fd7fe7abd4f9499caf32a8de13f25073451c6ef420a4e1",
    "https://deno.land/std@0.181.0/path/mod.ts": "bf718f19a4fdd545aee1b06409ca0805bd1b68ecf876605ce632e932fe54510c",
    "https://deno.land/std@0.181.0/path/posix.ts": "8b7c67ac338714b30c816079303d0285dd24af6b284f7ad63da5b27372a2c94d",
    "https://deno.land/std@0.181.0/path/separator.ts": "0fb679739d0d1d7bf45b68dacfb4ec7563597a902edbaf3c59b50d5bcadd93b1",
    "https://deno.land/std@0.181.0/path/win32.ts": "d186344e5583bcbf8b18af416d13d82b35a317116e6460a5a3953508c3de5bba",
    "https://deno.land/x/checksum@1.4.0/hash.ts": "89ebbf7c57576e20462badc05bfb4a7ac01fe7668b6908cd547c79067c4221b9",
    "https://deno.land/x/checksum@1.4.0/md5.ts": "1bb0889eaec838d5c1f219e0533277fe5ea10806d022920b6f0f2f8c398fec77",
    "https://deno.land/x/checksum@1.4.0/mod.ts": "df8282cc1ecfd0f148535337c8bec077a1630e96a2012f2d19b2ca380f2c88c2",
    "https://deno.land/x/checksum@1.4.0/sha1.ts": "a608a6493694b7d734acfc4eee83e09bd9deaa4909cdac07f3eed3db427f97ae",
    "https://deno.land/x/imagemagick_deno@0.0.19/mod.ts": "8950f261c03b03d1474eb7a092ca892fd7b11f84d8e1d9ff6facb7844d685779",
    "https://deno.land/x/imagemagick_deno@0.0.19/src/alpha-option.ts": "749a9f3309e491ec09a1d6bc50ce95d9733887d9f57c6863c4ff1c7e9610227b",
    "https://deno.land/x/imagemagick_deno@0.0.19/src/auto-threshold-method.ts": "bb08a00046137e441930e56190b6db10c5fe657cb0a6142cd565a40b1c4250a2",
    "https://deno.land/x/imagemagick_deno@0.0.19/src/channel-statistics.ts": "503871a48800436cbd02baee45f5e55aa7a0d95c3cd36e1111cf36dda946f43c",
    "https://deno.land/x/imagemagick_deno@0.0.19/src/channels.ts": "03e46f10df374d002cc39d10a6bc93c68deb4e1158bef1107234e10a192b05c7",
    "https://deno.land/x/imagemagick_deno@0.0.19/src/color-space.ts": "3d9a60f3a8bfefea8d9525572d7bd6214530c69688e8799dceb492b7797d1d0a",
    "https://deno.land/x/imagemagick_deno@0.0.19/src/composite-operator.ts": "f4b5046415c5965d53b17a9e441a42d87e8477b7c158704abd417d6ac10f3ea0",
    "https://deno.land/x/imagemagick_deno@0.0.19/src/defines/define.ts": "645fb3a06424ed750250212ac8762ba2ea97c4e4fdbda8aedf21734cbaf4833c",
    "https://deno.land/x/imagemagick_deno@0.0.19/src/defines/defines-creator.ts": "876b7215bb6523cee562bcdf95cdd20cce33dd118db9f61d3d9e6305d5cfa631",
    "https://deno.land/x/imagemagick_deno@0.0.19/src/defines/defines.ts": "fc8e12475e11a30f9f6f9c2b5e2fba94b01d65135654b97694da915d40fae2fe",
    "https://deno.land/x/imagemagick_deno@0.0.19/src/defines/magick-define.ts": "07e9e7fab4ea23f06f584163a99e0007ac1d1f3379ab4a872f1ddd555dd8ddd1",
    "https://deno.land/x/imagemagick_deno@0.0.19/src/disposable.ts": "4e30ceedea5c7829153ded68929cc206a303be220a560bb27319b607ee68c4a7",
    "https://deno.land/x/imagemagick_deno@0.0.19/src/distort-method.ts": "13819e00ccb6a636af9ece5d11dfce9451e578d46c94e1f528b0ae5da7721985",
    "https://deno.land/x/imagemagick_deno@0.0.19/src/drawables/drawable-color.ts": "fe3785761844f09a2c8bfda1821580c18706d986b1e7619dd984db6d33f3093a",
    "https://deno.land/x/imagemagick_deno@0.0.19/src/drawables/drawable-fill-color.ts": "566325e1b1eee1e4d74a97c7f0cfbd5cc1c3dbab9a39e8820b3e2555280fe633",
    "https://deno.land/x/imagemagick_deno@0.0.19/src/drawables/drawable-fill-opacity.ts": "a8bfce5d256ed1f296b4e57ae49035dad0baadec57b7ee68731494530b5df816",
    "https://deno.land/x/imagemagick_deno@0.0.19/src/drawables/drawable-font-point-size.ts": "ca4f41670186b13c1195eef74764af1ea00592b9faad5970d7867b3cb47630c3",
    "https://deno.land/x/imagemagick_deno@0.0.19/src/drawables/drawable-font.ts": "6a332ab99030ffe9fffd83704ba3e655649e48f026ef78dfb04d0bb1f99416bf",
    "https://deno.land/x/imagemagick_deno@0.0.19/src/drawables/drawable-gravity.ts": "184729aecc6d700a81eec2b8157b27b77f28c4188eb0f0337446b933e3857dbe",
    "https://deno.land/x/imagemagick_deno@0.0.19/src/drawables/drawable-rectangle.ts": "c6b1bb4b81a7e66e59a9338d45816a8471d951a6583567df68b31d3fde5ae6e0",
    "https://deno.land/x/imagemagick_deno@0.0.19/src/drawables/drawable-round-rectangle.ts": "7cd7e90d6d5902abee81061c7ce5919a50ef340d67d984f1ab5eb15ba22683c8",
    "https://deno.land/x/imagemagick_deno@0.0.19/src/drawables/drawable-text.ts": "f13d014b6f8b06e666b701b3860864711d0a0f942c1a30940af939705e72e5ce",
    "https://deno.land/x/imagemagick_deno@0.0.19/src/drawables/drawable.ts": "61b40233ea3c28664c2f8dfd8d794772d8a7a779f4228060efd41b0d44762521",
    "https://deno.land/x/imagemagick_deno@0.0.19/src/drawables/drawing-wand.ts": "c6fe73c4f4d48b8802aa79ea636b8d1f16046f2eb516b84260ae446f392b1528",
    "https://deno.land/x/imagemagick_deno@0.0.19/src/error-metric.ts": "fafe44d95312b0e9dd6e5d6d3efd536764468a4b80e3dc3d7d7efc33a40fb871",
    "https://deno.land/x/imagemagick_deno@0.0.19/src/evaluate-operator.ts": "c05d51cb193d95ce0432dee914465cbafc35026ea1102cc48f431571bfb67260",
    "https://deno.land/x/imagemagick_deno@0.0.19/src/filter-type.ts": "face0109ae9e56125b778a8842384031d6e0bd688dfcf96c0861f2fd8bb27225",
    "https://deno.land/x/imagemagick_deno@0.0.19/src/formats/dng/dng-output-color.ts": "13533caccea31a8e6cd960df47c1b608f89a786d51e9c4b3b869ca40eb01c5a8",
    "https://deno.land/x/imagemagick_deno@0.0.19/src/formats/dng/dng-read-defines.ts": "73d3fdc79c0f37ea3b2681f4e159cd927c25cb0801cc43905a4331171062f6c8",
    "https://deno.land/x/imagemagick_deno@0.0.19/src/gravity.ts": "ed99d33e3775c510c0a29fb330ca5ac9445e41dd3644507186c25cc32eb8634a",
    "https://deno.land/x/imagemagick_deno@0.0.19/src/image-magick.ts": "da1026ce67ad5040a672bcb0d1a7c76e8bdca9b5f3b7520081266ad96fae5318",
    "https://deno.land/x/imagemagick_deno@0.0.19/src/index.ts": "aebfbdd5446d99c67fd38182aa436d327defb5aa032e055de14d66c48649f505",
    "https://deno.land/x/imagemagick_deno@0.0.19/src/internal/disposable-array.ts": "048f80ffee94ccb37437961e7bcaa57ee0b0bd95a64423257010a8eeb18e9fae",
    "https://deno.land/x/imagemagick_deno@0.0.19/src/internal/disposable.ts": "48ea6c820871b46b9c50f8343bb68765bb81c80bf8edefc50c2d27bf4526c618",
    "https://deno.land/x/imagemagick_deno@0.0.19/src/internal/exception/exception.ts": "2c1e1d5f6df4fcaef50403ed18f5ebdf560a5e764944d569db406e97f76f2aae",
    "https://deno.land/x/imagemagick_deno@0.0.19/src/internal/geometry-flags.ts": "56bbc3f668db2e67f607cd1c08e07f51ded80a8c402efb0b6cd4ad98d0f69d19",
    "https://deno.land/x/imagemagick_deno@0.0.19/src/internal/magick-rectangle.ts": "ffffcd9ebffe20f871396af22c9f5acb332b5d503a5b21200a94e1e61e4e68b3",
    "https://deno.land/x/imagemagick_deno@0.0.19/src/internal/native/array.ts": "bcfa4f33246feaf3e1cfd219f188819caf2ed84562f986f508b1ba8beecd28fb",
    "https://deno.land/x/imagemagick_deno@0.0.19/src/internal/native/string.ts": "a3985bf82a8c0e0507001ab1af72c817f6a9f3fffcba532c5504b75102107ce3",
    "https://deno.land/x/imagemagick_deno@0.0.19/src/internal/pointer/pointer.ts": "d866febf67a2d72678e6bd0fd70f751622348c3c2c4ad0aba42dbd750c4f8526",
    "https://deno.land/x/imagemagick_deno@0.0.19/src/internal/string-info.ts": "6121081f0382fdfe259bb6c95655b1626cc68af778ad91af437daa8c55965575",
    "https://deno.land/x/imagemagick_deno@0.0.19/src/magick-color.ts": "6e849e94f3183d86f44d55f4646af394d0d3573fbce8b26b6d6bfbda03dcaf5c",
    "https://deno.land/x/imagemagick_deno@0.0.19/src/magick-colors.ts": "c3a4cdbbca0ebce9386ae71f835118847d8770573efcb63a35c54242aa156f90",
    "https://deno.land/x/imagemagick_deno@0.0.19/src/magick-error-severity.ts": "160e5f07bad67542c9c95a8ec61e70f294333bf7f3c463419dc4fadfacdbdbf6",
    "https://deno.land/x/imagemagick_deno@0.0.19/src/magick-error.ts": "5a515e203373ef48903bda51635e04f232bf3144eaee48c66d65df1e705346d4",
    "https://deno.land/x/imagemagick_deno@0.0.19/src/magick-format-info.ts": "eef4731c0036d58ebb9b9ff12d48bfdb6fad8d4ef82d74866c6c18f7605670cf",
    "https://deno.land/x/imagemagick_deno@0.0.19/src/magick-format.ts": "3373328cacc0e6a5b1264a6bedceffe17f687f8d303c8c3d0ecd7a9102771580",
    "https://deno.land/x/imagemagick_deno@0.0.19/src/magick-geometry.ts": "c41ec925e2cba2f4a07ab278de87d533aac282f68b038d6ca7075fc09570f759",
    "https://deno.land/x/imagemagick_deno@0.0.19/src/magick-image-collection.ts": "dfa429a070eeb22d57248d4eee057ee0aa3a6ee8ac850f32ec1c8d311b7a641d",
    "https://deno.land/x/imagemagick_deno@0.0.19/src/magick-image.ts": "7f85e27512ab1db7c9396b7903b03fb07763a014af9a56c5477bda306f5d42ea",
    "https://deno.land/x/imagemagick_deno@0.0.19/src/magick.ts": "990bbb125a908afd71bba8b9601704f64abfe68b861e906ec7495f87b2f4c776",
    "https://deno.land/x/imagemagick_deno@0.0.19/src/native-instance.ts": "791c1dc7459d0daf53fd385d255edb9d84869edc2943cd1ff3b4b7c34aeeffb0",
    "https://deno.land/x/imagemagick_deno@0.0.19/src/orientation-type.ts": "a5c48feec25d432e5c3ad3ed76c929a7960836d3ab1012525c0f7883e4f46c30",
    "https://deno.land/x/imagemagick_deno@0.0.19/src/paint-method.ts": "0178827b90549bf587e8ae9e2757cb96607b1fffa5c05d0534a8de136a346d29",
    "https://deno.land/x/imagemagick_deno@0.0.19/src/percentage.ts": "00240337512949c97e407b006cdd025af5fc6db600adce9ca6193ab61e326291",
    "https://deno.land/x/imagemagick_deno@0.0.19/src/pixel-channel.ts": "1a6943107a0c9b73757b08b4e41bd72227fec2dbb29f7fe5871257abcf541fa1",
    "https://deno.land/x/imagemagick_deno@0.0.19/src/pixel-interpolate-method.ts": "d2c62675acb5d8fffca3e2c91c9a35bfebec62f2424268e5e240f9f17f57d356",
    "https://deno.land/x/imagemagick_deno@0.0.19/src/pixels/pixel-collection.ts": "e44aa8ebff8635d3959a20ffa9a545ce5df2dc2a8806f6b0d1d0092e185577f7",
    "https://deno.land/x/imagemagick_deno@0.0.19/src/point.ts": "f664938d0f39eadd41fe5eb8ca81c52b59a7f7138539afea3ddc863d25a4a935",
    "https://deno.land/x/imagemagick_deno@0.0.19/src/profiles/image-profile.ts": "ea1bb6406430a03cf9263a40260fcd8f99bcc14fa3629206fcbcd2679c94b4a2",
    "https://deno.land/x/imagemagick_deno@0.0.19/src/quantum.ts": "7e92f9cf73fc6ec89df48ab4c462339fad580f0b6a1e1009d3c5a5cb599dc3ed",
    "https://deno.land/x/imagemagick_deno@0.0.19/src/settings/distort-settings.ts": "cdb352260b90a140191c222bafde0740114062822400bdf89709bef1c2f40563",
    "https://deno.land/x/imagemagick_deno@0.0.19/src/settings/drawing-settings.ts": "c5191eff30944c7a6047dfdd4d6a6714cbd3e0154c4942bb53bfa25acc3399b2",
    "https://deno.land/x/imagemagick_deno@0.0.19/src/settings/magick-read-settings.ts": "d5e83efd74ff563146c5c074cefeead82e07763c0e75d271c6f1ba9f1fca3b63",
    "https://deno.land/x/imagemagick_deno@0.0.19/src/settings/magick-settings.ts": "35a9146c2b92c63b80f0989ab8f6c2315166124e841bb0538303d6f945c08a27",
    "https://deno.land/x/imagemagick_deno@0.0.19/src/settings/montage-settings.ts": "db5dc688e2165b1a5501b6f2175c0453f9a1c435c6d1d20be657ddf26af2bb14",
    "https://deno.land/x/imagemagick_deno@0.0.19/src/settings/native-drawing-settings.ts": "a69579abe2600a8ae13484f0abee16ec17d4c31213e95fe0fb9b581ee434af64",
    "https://deno.land/x/imagemagick_deno@0.0.19/src/settings/native-magick-settings.ts": "553a903e16ad50b990175c5e8614473962b0e866f2e3c0148cf3bc2c0010552a",
    "https://deno.land/x/imagemagick_deno@0.0.19/src/settings/native-montage-settings.ts": "5b0c810053730ba63a6603fe4109c09ce02d3dd9f5a04ba1070094cb69a92433",
    "https://deno.land/x/imagemagick_deno@0.0.19/src/statistics.ts": "a9122f555b565d9869dcc9070d77febc54f2e12324932c6b8619e1a94b599885",
    "https://deno.land/x/imagemagick_deno@0.0.19/src/virtual-pixel-method.ts": "ae2f0520e05b382299e4d41f4d7e2c67baf727ef7c816037e601c978948b1451",
    "https://deno.land/x/imagemagick_deno@0.0.19/src/wasm/magick.ts": "b5ec7d6c3c7379f8f9ba0c23238f7024aa35f3a15edb2d1cbca4ccc44a186ac9",
    "https://deno.land/x/imagemagick_deno@0.0.19/src/wasm/magick_native.js": "2203872b5a96cb5a96c596898849a862b2ba083455ed0f3a445ba060f8e13f82",
    "https://deno.land/x/zod@v3.21.4/ZodError.ts": "4de18ff525e75a0315f2c12066b77b5c2ae18c7c15ef7df7e165d63536fdf2ea",
    "https://deno.land/x/zod@v3.21.4/errors.ts": "5285922d2be9700cc0c70c95e4858952b07ae193aa0224be3cbd5cd5567eabef",
    "https://deno.land/x/zod@v3.21.4/external.ts": "a6cfbd61e9e097d5f42f8a7ed6f92f93f51ff927d29c9fbaec04f03cbce130fe",
    "https://deno.land/x/zod@v3.21.4/helpers/enumUtil.ts": "54efc393cc9860e687d8b81ff52e980def00fa67377ad0bf8b3104f8a5bf698c",
    "https://deno.land/x/zod@v3.21.4/helpers/errorUtil.ts": "7a77328240be7b847af6de9189963bd9f79cab32bbc61502a9db4fe6683e2ea7",
    "https://deno.land/x/zod@v3.21.4/helpers/parseUtil.ts": "51a76c126ee212be86013d53a9d07f87e9ae04bb1496f2558e61b62cb74a6aa8",
    "https://deno.land/x/zod@v3.21.4/helpers/partialUtil.ts": "998c2fe79795257d4d1cf10361e74492f3b7d852f61057c7c08ac0a46488b7e7",
    "https://deno.land/x/zod@v3.21.4/helpers/typeAliases.ts": "0fda31a063c6736fc3cf9090dd94865c811dfff4f3cb8707b932bf937c6f2c3e",
    "https://deno.land/x/zod@v3.21.4/helpers/util.ts": "8baf19b19b2fca8424380367b90364b32503b6b71780269a6e3e67700bb02774",
    "https://deno.land/x/zod@v3.21.4/index.ts": "d27aabd973613985574bc31f39e45cb5d856aa122ef094a9f38a463b8ef1a268",
    "https://deno.land/x/zod@v3.21.4/locales/en.ts": "a7a25cd23563ccb5e0eed214d9b31846305ddbcdb9c5c8f508b108943366ab4c",
    "https://deno.land/x/zod@v3.21.4/mod.ts": "64e55237cb4410e17d968cd08975566059f27638ebb0b86048031b987ba251c4",
    "https://deno.land/x/zod@v3.21.4/types.ts": "b5d061babea250de14fc63764df5b3afa24f2b088a1d797fc060ba49a0ddff28",
    "https://esm.sh/date-fns@2.29.3": "970f9f3c93a20fddec93c15e581aeddbffad48540975f65fd79fbe3a005d8d50",
    "https://esm.sh/v113/date-fns@2.29.3/deno/date-fns.mjs": "2f3f18e2042e44229d6496ed86ca40109361508b671d74111780252afbe85c9d",
    "https://esm.sh/v113/date-fns@2.29.3/typings.d.ts": "00a2a0751ca2e2443834f51d43bd52b24c3ab27799a0d4456c1dc950c6cdfff3"
  },
  "workspace": {
    "dependencies": [
      "npm:date-fns@2.29.3",
      "npm:effect",
      "npm:ts-pattern@4.2.2"
    ]
  }
}
